
Microsoft Visual Studio Solution File, Format Version 12.00
Project("{2150E333-8FDC-42A3-9474-1A3956D46DE8}") = "src", "src", "{BE717B7D-C9A7-43D4-AF97-952524CED3F4}"
EndProject
Project("{2150E333-8FDC-42A3-9474-1A3956D46DE8}") = "tests", "tests", "{FB834CD5-78C0-4C5B-BE9B-F127943B86C6}"
EndProject
Project("{FAE04EC0-301F-11D3-BF4B-00C04F79EFBC}") = "SM.Application", "src\SM.Application\SM.Application.csproj", "{9AA16628-E7CB-4B5B-A2AB-A9C6409C1AC2}"
EndProject
Project("{FAE04EC0-301F-11D3-BF4B-00C04F79EFBC}") = "SM.Domain", "src\SM.Domain\SM.Domain.csproj", "{561A535B-BD33-4DCA-ADCC-A40ADCA5F273}"
EndProject
Project("{FAE04EC0-301F-11D3-BF4B-00C04F79EFBC}") = "SM.Infrastructure", "src\SM.Infrastructure\SM.Infrastructure.csproj", "{B3BBB86B-9D9E-4AB7-B7B1-B754953C8C71}"
EndProject
Global
	GlobalSection(SolutionConfigurationPlatforms) = preSolution
		Debug|Any CPU = Debug|Any CPU
		Release|Any CPU = Release|Any CPU
	EndGlobalSection
	GlobalSection(NestedProjects) = preSolution
		{9AA16628-E7CB-4B5B-A2AB-A9C6409C1AC2} = {BE717B7D-C9A7-43D4-AF97-952524CED3F4}
		{561A535B-BD33-4DCA-ADCC-A40ADCA5F273} = {BE717B7D-C9A7-43D4-AF97-952524CED3F4}
		{B3BBB86B-9D9E-4AB7-B7B1-B754953C8C71} = {BE717B7D-C9A7-43D4-AF97-952524CED3F4}
	EndGlobalSection
	GlobalSection(ProjectConfigurationPlatforms) = postSolution
		{9AA16628-E7CB-4B5B-A2AB-A9C6409C1AC2}.Debug|Any CPU.ActiveCfg = Debug|Any CPU
		{9AA16628-E7CB-4B5B-A2AB-A9C6409C1AC2}.Debug|Any CPU.Build.0 = Debug|Any CPU
		{9AA16628-E7CB-4B5B-A2AB-A9C6409C1AC2}.Release|Any CPU.ActiveCfg = Release|Any CPU
		{9AA16628-E7CB-4B5B-A2AB-A9C6409C1AC2}.Release|Any CPU.Build.0 = Release|Any CPU
		{561A535B-BD33-4DCA-ADCC-A40ADCA5F273}.Debug|Any CPU.ActiveCfg = Debug|Any CPU
		{561A535B-BD33-4DCA-ADCC-A40ADCA5F273}.Debug|Any CPU.Build.0 = Debug|Any CPU
		{561A535B-BD33-4DCA-ADCC-A40ADCA5F273}.Release|Any CPU.ActiveCfg = Release|Any CPU
		{561A535B-BD33-4DCA-ADCC-A40ADCA5F273}.Release|Any CPU.Build.0 = Release|Any CPU
		{B3BBB86B-9D9E-4AB7-B7B1-B754953C8C71}.Debug|Any CPU.ActiveCfg = Debug|Any CPU
		{B3BBB86B-9D9E-4AB7-B7B1-B754953C8C71}.Debug|Any CPU.Build.0 = Debug|Any CPU
		{B3BBB86B-9D9E-4AB7-B7B1-B754953C8C71}.Release|Any CPU.ActiveCfg = Release|Any CPU
		{B3BBB86B-9D9E-4AB7-B7B1-B754953C8C71}.Release|Any CPU.Build.0 = Release|Any CPU
	EndGlobalSection
EndGlobal
